github.com/TomasConesa/go-fundamentals-response v0.0.1 h1:rXbGTox9hD9TBeJc4CS7zxUMZlc2xeQf3WpKZJwLSFk=
github.com/TomasConesa/go-fundamentals-response v0.0.1/go.mod h1:UGm2VxBQvbCFEpV6upHDk+y+DJr5qqGABvL0B4cJZp8=
github.com/TomasConesa/go-fundamentals-response v0.0.2 h1:zTF7r1Cb0wKxqW6ErKJQGef5cpkxZ71a3tDbrIeAAS4=
github.com/TomasConesa/go-fundamentals-response v0.0.2/go.mod h1:UGm2VxBQvbCFEpV6upHDk+y+DJr5qqGABvL0B4cJZp8=
